
Microsoft Visual Studio Solution File, Format Version 12.00
# Visual Studio Version 16
VisualStudioVersion = 16.0.29201.188
MinimumVisualStudioVersion = 10.0.40219.1
Project("{9A19103F-16F7-4668-BE54-9A1E7A4F7556}") = "EntityFramework.Testing", "src\EntityFramework.Testing\EntityFramework.Testing.csproj", "{4351E4D4-C68C-4CF6-998B-AB56D8A3760D}"
EndProject
Project("{9A19103F-16F7-4668-BE54-9A1E7A4F7556}") = "EntityFramework.Testing.Moq", "src\EntityFramework.Testing.Moq\EntityFramework.Testing.Moq.csproj", "{13B2C70C-A084-44AF-8F75-975D84438DEE}"
EndProject
Project("{9A19103F-16F7-4668-BE54-9A1E7A4F7556}") = "EntityFramework.Testing.Moq.Tests", "src\EntityFramework.Testing.Moq.Tests\EntityFramework.Testing.Moq.Tests.csproj", "{1F55F581-F0D8-423D-A514-636C161ACDB4}"
EndProject
Project("{2150E333-8FDC-42A3-9474-1A3956D46DE8}") = "Solution Items", "Solution Items", "{0B958171-3200-4A3D-BE6B-DC53507A82CF}"
	ProjectSection(SolutionItems) = preProject
		.gitignore = .gitignore
		appveyor.yml = appveyor.yml
		LICENSE = LICENSE
		README.md = README.md
		ReleaseNotes.md = ReleaseNotes.md
	EndProjectSection
EndProject
Project("{9A19103F-16F7-4668-BE54-9A1E7A4F7556}") = "EntityFramework.Testing.NSubstitute", "src\EntityFramework.Testing.NSubstitute\EntityFramework.Testing.NSubstitute.csproj", "{A46784E2-B54B-4FD8-A95F-03B05CA8F244}"
EndProject
Project("{9A19103F-16F7-4668-BE54-9A1E7A4F7556}") = "EntityFramework.Testing.NSubstitute.Tests", "src\EntityFramework.Testing.NSubstitute.Tests\EntityFramework.Testing.NSubstitute.Tests.csproj", "{4AEFDD3A-1908-4A44-95B7-6A2F77D558BF}"
EndProject
Project("{9A19103F-16F7-4668-BE54-9A1E7A4F7556}") = "EntityFramework.Testing.Ninject", "src\EntityFramework.Testing.Ninject\EntityFramework.Testing.Ninject.csproj", "{43657637-9F2C-4E1B-8FAD-CA461E6C8D65}"
EndProject
Project("{9A19103F-16F7-4668-BE54-9A1E7A4F7556}") = "EntityFramework.Testing.Ninject.Tests", "src\EntityFramework.Testing.Ninject.Tests\EntityFramework.Testing.Ninject.Tests.csproj", "{0EBB390E-C0DC-41D1-804C-0AB7B109B7F3}"
EndProject
Project("{9A19103F-16F7-4668-BE54-9A1E7A4F7556}") = "EntityFramework.Testing.Moq.Ninject", "src\EntityFramework.Testing.Moq.Ninject\EntityFramework.Testing.Moq.Ninject.csproj", "{D35C8D21-E390-4354-BBEC-9B5A04E515F0}"
EndProject
Project("{9A19103F-16F7-4668-BE54-9A1E7A4F7556}") = "EntityFramework.Testing.Moq.Ninject.Tests", "src\EntityFramework.Testing.Moq.Ninject.Tests\EntityFramework.Testing.Moq.Ninject.Tests.csproj", "{4E1063C2-D405-4582-A982-ABC4BE80C997}"
EndProject
Project("{9A19103F-16F7-4668-BE54-9A1E7A4F7556}") = "EntityFramework.Testing.NSubstitute.Ninject", "src\EntityFramework.Testing.NSubstitute.Ninject\EntityFramework.Testing.NSubstitute.Ninject.csproj", "{C7207802-85E2-40F3-9C87-6B43B58CF73D}"
EndProject
Project("{9A19103F-16F7-4668-BE54-9A1E7A4F7556}") = "EntityFramework.Testing.NSubstitute.Ninject.Tests", "src\EntityFramework.Testing.NSubstitute.Ninject.Tests\EntityFramework.Testing.NSubstitute.Ninject.Tests.csproj", "{E44F558E-012F-4D5F-9A25-E8187E533EBE}"
EndProject
Project("{9A19103F-16F7-4668-BE54-9A1E7A4F7556}") = "EntityFramework.Testing.FakeItEasy", "src\EntityFramework.Testing.FakeItEasy\EntityFramework.Testing.FakeItEasy.csproj", "{B8102E5A-4288-4ADB-AC6F-8DCC259939F7}"
EndProject
Project("{9A19103F-16F7-4668-BE54-9A1E7A4F7556}") = "EntityFramework.Testing.FakeItEasy.Tests", "src\EntityFramework.Testing.FakeItEasy.Tests\EntityFramework.Testing.FakeItEasy.Tests.csproj", "{E25FCAD1-A542-4339-9BC7-D443A16A274B}"
EndProject
Project("{9A19103F-16F7-4668-BE54-9A1E7A4F7556}") = "EntityFramework.Testing.FakeItEasy.Ninject", "src\EntityFramework.Testing.FakeItEasy.Ninject\EntityFramework.Testing.FakeItEasy.Ninject.csproj", "{E8A92CFB-DD10-439B-90AB-B517CF6AFAED}"
EndProject
Project("{9A19103F-16F7-4668-BE54-9A1E7A4F7556}") = "EntityFramework.Testing.FakeItEasy.Ninject.Tests", "src\EntityFramework.Testing.FakeItEasy.Ninject.Tests\EntityFramework.Testing.FakeItEasy.Ninject.Tests.csproj", "{0EF93116-F543-43EF-A90B-B44EA680D805}"
EndProject
Project("{9A19103F-16F7-4668-BE54-9A1E7A4F7556}") = "EntityFramework.Testing.Tests", "src\EntityFramework.Testing.Tests\EntityFramework.Testing.Tests.csproj", "{E76C5345-15B9-45FF-8550-88475718F4D0}"
EndProject
Global
	GlobalSection(SolutionConfigurationPlatforms) = preSolution
		Debug|Any CPU = Debug|Any CPU
		Release|Any CPU = Release|Any CPU
	EndGlobalSection
	GlobalSection(ProjectConfigurationPlatforms) = postSolution
		{4351E4D4-C68C-4CF6-998B-AB56D8A3760D}.Debug|Any CPU.ActiveCfg = Debug|Any CPU
		{4351E4D4-C68C-4CF6-998B-AB56D8A3760D}.Debug|Any CPU.Build.0 = Debug|Any CPU
		{4351E4D4-C68C-4CF6-998B-AB56D8A3760D}.Release|Any CPU.ActiveCfg = Release|Any CPU
		{4351E4D4-C68C-4CF6-998B-AB56D8A3760D}.Release|Any CPU.Build.0 = Release|Any CPU
		{13B2C70C-A084-44AF-8F75-975D84438DEE}.Debug|Any CPU.ActiveCfg = Debug|Any CPU
		{13B2C70C-A084-44AF-8F75-975D84438DEE}.Debug|Any CPU.Build.0 = Debug|Any CPU
		{13B2C70C-A084-44AF-8F75-975D84438DEE}.Release|Any CPU.ActiveCfg = Release|Any CPU
		{13B2C70C-A084-44AF-8F75-975D84438DEE}.Release|Any CPU.Build.0 = Release|Any CPU
		{1F55F581-F0D8-423D-A514-636C161ACDB4}.Debug|Any CPU.ActiveCfg = Debug|Any CPU
		{1F55F581-F0D8-423D-A514-636C161ACDB4}.Debug|Any CPU.Build.0 = Debug|Any CPU
		{1F55F581-F0D8-423D-A514-636C161ACDB4}.Release|Any CPU.ActiveCfg = Release|Any CPU
		{1F55F581-F0D8-423D-A514-636C161ACDB4}.Release|Any CPU.Build.0 = Release|Any CPU
		{A46784E2-B54B-4FD8-A95F-03B05CA8F244}.Debug|Any CPU.ActiveCfg = Debug|Any CPU
		{A46784E2-B54B-4FD8-A95F-03B05CA8F244}.Debug|Any CPU.Build.0 = Debug|Any CPU
		{A46784E2-B54B-4FD8-A95F-03B05CA8F244}.Release|Any CPU.ActiveCfg = Release|Any CPU
		{A46784E2-B54B-4FD8-A95F-03B05CA8F244}.Release|Any CPU.Build.0 = Release|Any CPU
		{4AEFDD3A-1908-4A44-95B7-6A2F77D558BF}.Debug|Any CPU.ActiveCfg = Debug|Any CPU
		{4AEFDD3A-1908-4A44-95B7-6A2F77D558BF}.Debug|Any CPU.Build.0 = Debug|Any CPU
		{4AEFDD3A-1908-4A44-95B7-6A2F77D558BF}.Release|Any CPU.ActiveCfg = Release|Any CPU
		{4AEFDD3A-1908-4A44-95B7-6A2F77D558BF}.Release|Any CPU.Build.0 = Release|Any CPU
		{43657637-9F2C-4E1B-8FAD-CA461E6C8D65}.Debug|Any CPU.ActiveCfg = Debug|Any CPU
		{43657637-9F2C-4E1B-8FAD-CA461E6C8D65}.Debug|Any CPU.Build.0 = Debug|Any CPU
		{43657637-9F2C-4E1B-8FAD-CA461E6C8D65}.Release|Any CPU.ActiveCfg = Release|Any CPU
		{43657637-9F2C-4E1B-8FAD-CA461E6C8D65}.Release|Any CPU.Build.0 = Release|Any CPU
		{0EBB390E-C0DC-41D1-804C-0AB7B109B7F3}.Debug|Any CPU.ActiveCfg = Debug|Any CPU
		{0EBB390E-C0DC-41D1-804C-0AB7B109B7F3}.Debug|Any CPU.Build.0 = Debug|Any CPU
		{0EBB390E-C0DC-41D1-804C-0AB7B109B7F3}.Release|Any CPU.ActiveCfg = Release|Any CPU
		{0EBB390E-C0DC-41D1-804C-0AB7B109B7F3}.Release|Any CPU.Build.0 = Release|Any CPU
		{D35C8D21-E390-4354-BBEC-9B5A04E515F0}.Debug|Any CPU.ActiveCfg = Debug|Any CPU
		{D35C8D21-E390-4354-BBEC-9B5A04E515F0}.Debug|Any CPU.Build.0 = Debug|Any CPU
		{D35C8D21-E390-4354-BBEC-9B5A04E515F0}.Release|Any CPU.ActiveCfg = Release|Any CPU
		{D35C8D21-E390-4354-BBEC-9B5A04E515F0}.Release|Any CPU.Build.0 = Release|Any CPU
		{4E1063C2-D405-4582-A982-ABC4BE80C997}.Debug|Any CPU.ActiveCfg = Debug|Any CPU
		{4E1063C2-D405-4582-A982-ABC4BE80C997}.Debug|Any CPU.Build.0 = Debug|Any CPU
		{4E1063C2-D405-4582-A982-ABC4BE80C997}.Release|Any CPU.ActiveCfg = Release|Any CPU
		{4E1063C2-D405-4582-A982-ABC4BE80C997}.Release|Any CPU.Build.0 = Release|Any CPU
		{C7207802-85E2-40F3-9C87-6B43B58CF73D}.Debug|Any CPU.ActiveCfg = Debug|Any CPU
		{C7207802-85E2-40F3-9C87-6B43B58CF73D}.Debug|Any CPU.Build.0 = Debug|Any CPU
		{C7207802-85E2-40F3-9C87-6B43B58CF73D}.Release|Any CPU.ActiveCfg = Release|Any CPU
		{C7207802-85E2-40F3-9C87-6B43B58CF73D}.Release|Any CPU.Build.0 = Release|Any CPU
		{E44F558E-012F-4D5F-9A25-E8187E533EBE}.Debug|Any CPU.ActiveCfg = Debug|Any CPU
		{E44F558E-012F-4D5F-9A25-E8187E533EBE}.Debug|Any CPU.Build.0 = Debug|Any CPU
		{E44F558E-012F-4D5F-9A25-E8187E533EBE}.Release|Any CPU.ActiveCfg = Release|Any CPU
		{E44F558E-012F-4D5F-9A25-E8187E533EBE}.Release|Any CPU.Build.0 = Release|Any CPU
		{B8102E5A-4288-4ADB-AC6F-8DCC259939F7}.Debug|Any CPU.ActiveCfg = Debug|Any CPU
		{B8102E5A-4288-4ADB-AC6F-8DCC259939F7}.Debug|Any CPU.Build.0 = Debug|Any CPU
		{B8102E5A-4288-4ADB-AC6F-8DCC259939F7}.Release|Any CPU.ActiveCfg = Release|Any CPU
		{B8102E5A-4288-4ADB-AC6F-8DCC259939F7}.Release|Any CPU.Build.0 = Release|Any CPU
		{E25FCAD1-A542-4339-9BC7-D443A16A274B}.Debug|Any CPU.ActiveCfg = Debug|Any CPU
		{E25FCAD1-A542-4339-9BC7-D443A16A274B}.Debug|Any CPU.Build.0 = Debug|Any CPU
		{E25FCAD1-A542-4339-9BC7-D443A16A274B}.Release|Any CPU.ActiveCfg = Release|Any CPU
		{E25FCAD1-A542-4339-9BC7-D443A16A274B}.Release|Any CPU.Build.0 = Release|Any CPU
		{E8A92CFB-DD10-439B-90AB-B517CF6AFAED}.Debug|Any CPU.ActiveCfg = Debug|Any CPU
		{E8A92CFB-DD10-439B-90AB-B517CF6AFAED}.Debug|Any CPU.Build.0 = Debug|Any CPU
		{E8A92CFB-DD10-439B-90AB-B517CF6AFAED}.Release|Any CPU.ActiveCfg = Release|Any CPU
		{E8A92CFB-DD10-439B-90AB-B517CF6AFAED}.Release|Any CPU.Build.0 = Release|Any CPU
		{0EF93116-F543-43EF-A90B-B44EA680D805}.Debug|Any CPU.ActiveCfg = Debug|Any CPU
		{0EF93116-F543-43EF-A90B-B44EA680D805}.Debug|Any CPU.Build.0 = Debug|Any CPU
		{0EF93116-F543-43EF-A90B-B44EA680D805}.Release|Any CPU.ActiveCfg = Release|Any CPU
		{0EF93116-F543-43EF-A90B-B44EA680D805}.Release|Any CPU.Build.0 = Release|Any CPU
		{E76C5345-15B9-45FF-8550-88475718F4D0}.Debug|Any CPU.ActiveCfg = Debug|Any CPU
		{E76C5345-15B9-45FF-8550-88475718F4D0}.Debug|Any CPU.Build.0 = Debug|Any CPU
		{E76C5345-15B9-45FF-8550-88475718F4D0}.Release|Any CPU.ActiveCfg = Release|Any CPU
		{E76C5345-15B9-45FF-8550-88475718F4D0}.Release|Any CPU.Build.0 = Release|Any CPU
	EndGlobalSection
	GlobalSection(SolutionProperties) = preSolution
		HideSolutionNode = FALSE
	EndGlobalSection
	GlobalSection(ExtensibilityGlobals) = postSolution
		SolutionGuid = {5EFF4F9B-0FF4-4043-8FF9-6456ED03A7BE}
	EndGlobalSection
EndGlobal
